
Microsoft Visual Studio Solution File, Format Version 12.00
# Visual Studio 15
VisualStudioVersion = 15.0.28010.2046
MinimumVisualStudioVersion = 10.0.40219.1
Project("{FAE04EC0-301F-11D3-BF4B-00C04F79EFBC}") = "Algoritmo.Evolutivo.Consola", "Algoritmo.Evolutivo.Consola.csproj", "{E3D4F6AA-95F7-4B04-A7A5-719AE769BC77}"
EndProject
Global
	GlobalSection(SolutionConfigurationPlatforms) = preSolution
		Debug|Any CPU = Debug|Any CPU
		Release|Any CPU = Release|Any CPU
	EndGlobalSection
	GlobalSection(ProjectConfigurationPlatforms) = postSolution
		{E3D4F6AA-95F7-4B04-A7A5-719AE769BC77}.Debug|Any CPU.ActiveCfg = Debug|Any CPU
		{E3D4F6AA-95F7-4B04-A7A5-719AE769BC77}.Debug|Any CPU.Build.0 = Debug|Any CPU
		{E3D4F6AA-95F7-4B04-A7A5-719AE769BC77}.Release|Any CPU.ActiveCfg = Release|Any CPU
		{E3D4F6AA-95F7-4B04-A7A5-719AE769BC77}.Release|Any CPU.Build.0 = Release|Any CPU
	EndGlobalSection
	GlobalSection(SolutionProperties) = preSolution
		HideSolutionNode = FALSE
	EndGlobalSection
	GlobalSection(ExtensibilityGlobals) = postSolution
		SolutionGuid = {DE619B4A-DE99-46FD-B649-C6C0FFAE6AE5}
	EndGlobalSection
EndGlobal
